<?xml version="1.0" encoding="utf-8"?>
<Project ToolsVersion="4.0" xmlns="http://schemas.microsoft.com/developer/msbuild/2003">
  <ItemGroup>
    <ClCompile Include="Main.cpp" />
    <ClCompile Include="Injector\Injector.cpp" />
  </ItemGroup>
  <ItemGroup>
    <ClInclude Include="Configuration\Configuration.hpp" />
    <ClInclude Include="Injector\Injector.hpp" />
  </ItemGroup>
</Project>