<?xml version="1.0" encoding="utf-8"?>
<Project ToolsVersion="4.0" xmlns="http://schemas.microsoft.com/developer/msbuild/2003">
  <ItemGroup>
    <Filter Include="Source Files">
      <UniqueIdentifier>{4FC737F1-C7A5-4376-A066-2A32D752A2FF}</UniqueIdentifier>
      <Extensions>cpp;c;cc;cxx;def;odl;idl;hpj;bat;asm;asmx</Extensions>
    </Filter>
    <Filter Include="Header Files">
      <UniqueIdentifier>{93995380-89BD-4b04-88EB-625FBE52EBFB}</UniqueIdentifier>
      <Extensions>h;hh;hpp;hxx;hm;inl;inc;ipp;xsd</Extensions>
    </Filter>
    <Filter Include="Resource Files">
      <UniqueIdentifier>{67DA6AB6-F800-4c08-8B7A-83BB121AAD01}</UniqueIdentifier>
      <Extensions>rc;ico;cur;bmp;dlg;rc2;rct;bin;rgs;gif;jpg;jpeg;jpe;resx;tiff;tif;png;wav;mfcribbon-ms</Extensions>
    </Filter>
  </ItemGroup>
  <ItemGroup>
    <ClInclude Include="Cheat\Configuration.hpp">
      <Filter>Header Files</Filter>
    </ClInclude>
    <ClInclude Include="Cheat\Memory.hpp">
      <Filter>Header Files</Filter>
    </ClInclude>
    <ClInclude Include="Cheat\Cheat.hpp">
      <Filter>Header Files</Filter>
    </ClInclude>
    <ClInclude Include="Dependencies\Fmt\safe-duration-cast.hh">
      <Filter>Header Files</Filter>
    </ClInclude>
    <ClInclude Include="Dependencies\Fmt\chrono.hh">
      <Filter>Header Files</Filter>
    </ClInclude>
    <ClInclude Include="Dependencies\Fmt\color.hh">
      <Filter>Header Files</Filter>
    </ClInclude>
    <ClInclude Include="Dependencies\Fmt\compile.hh">
      <Filter>Header Files</Filter>
    </ClInclude>
    <ClInclude Include="Dependencies\Fmt\core.hh">
      <Filter>Header Files</Filter>
    </ClInclude>
    <ClInclude Include="Dependencies\Fmt\format.hh">
      <Filter>Header Files</Filter>
    </ClInclude>
    <ClInclude Include="Dependencies\Fmt\format-inl.hh">
      <Filter>Header Files</Filter>
    </ClInclude>
    <ClInclude Include="Dependencies\Fmt\locale.hh">
      <Filter>Header Files</Filter>
    </ClInclude>
    <ClInclude Include="Dependencies\Fmt\ostream.hh">
      <Filter>Header Files</Filter>
    </ClInclude>
    <ClInclude Include="Dependencies\Fmt\posix.hh">
      <Filter>Header Files</Filter>
    </ClInclude>
    <ClInclude Include="Dependencies\Fmt\printf.hh">
      <Filter>Header Files</Filter>
    </ClInclude>
    <ClInclude Include="Dependencies\Fmt\ranges.hh">
      <Filter>Header Files</Filter>
    </ClInclude>
    <ClInclude Include="Dependencies\Gui\FGUI.hh">
      <Filter>Header Files</Filter>
    </ClInclude>
    <ClInclude Include="Dependencies\Gui\controls\button.hh">
      <Filter>Header Files</Filter>
    </ClInclude>
    <ClInclude Include="Dependencies\Gui\controls\checkbox.hh">
      <Filter>Header Files</Filter>
    </ClInclude>
    <ClInclude Include="Dependencies\Gui\controls\colorlist.hh">
      <Filter>Header Files</Filter>
    </ClInclude>
    <ClInclude Include="Dependencies\Gui\controls\colorpicker.hh">
      <Filter>Header Files</Filter>
    </ClInclude>
    <ClInclude Include="Dependencies\Gui\controls\combobox.hh">
      <Filter>Header Files</Filter>
    </ClInclude>
    <ClInclude Include="Dependencies\Gui\controls\container.hh">
      <Filter>Header Files</Filter>
    </ClInclude>
    <ClInclude Include="Dependencies\Gui\controls\element.hh">
      <Filter>Header Files</Filter>
    </ClInclude>
    <ClInclude Include="Dependencies\Gui\controls\keybinder.hh">
      <Filter>Header Files</Filter>
    </ClInclude>
    <ClInclude Include="Dependencies\Gui\controls\label.hh">
      <Filter>Header Files</Filter>
    </ClInclude>
    <ClInclude Include="Dependencies\Gui\controls\listbox.hh">
      <Filter>Header Files</Filter>
    </ClInclude>
    <ClInclude Include="Dependencies\Gui\controls\multibox.hh">
      <Filter>Header Files</Filter>
    </ClInclude>
    <ClInclude Include="Dependencies\Gui\controls\slider.hh">
      <Filter>Header Files</Filter>
    </ClInclude>
    <ClInclude Include="Dependencies\Gui\controls\spinner.hh">
      <Filter>Header Files</Filter>
    </ClInclude>
    <ClInclude Include="Dependencies\Gui\controls\tabs.hh">
      <Filter>Header Files</Filter>
    </ClInclude>
    <ClInclude Include="Dependencies\Gui\controls\textbox.hh">
      <Filter>Header Files</Filter>
    </ClInclude>
    <ClInclude Include="Dependencies\Gui\dependencies\aliases.hh">
      <Filter>Header Files</Filter>
    </ClInclude>
    <ClInclude Include="Dependencies\Gui\dependencies\color.hh">
      <Filter>Header Files</Filter>
    </ClInclude>
    <ClInclude Include="Dependencies\Gui\dependencies\definitions.hh">
      <Filter>Header Files</Filter>
    </ClInclude>
    <ClInclude Include="Dependencies\Gui\dependencies\input.hh">
      <Filter>Header Files</Filter>
    </ClInclude>
    <ClInclude Include="Dependencies\Gui\dependencies\json.hh">
      <Filter>Header Files</Filter>
    </ClInclude>
    <ClInclude Include="Dependencies\Gui\handler\handler.hh">
      <Filter>Header Files</Filter>
    </ClInclude>
    <ClInclude Include="Dependencies\Gui\notifications\notifications.hh">
      <Filter>Header Files</Filter>
    </ClInclude>
    <ClInclude Include="SDK\SDK.hpp">
      <Filter>Header Files</Filter>
    </ClInclude>
    <ClInclude Include="SDK\Enums\AnalogCode.hpp">
      <Filter>Header Files</Filter>
    </ClInclude>
    <ClInclude Include="SDK\Enums\Button.hpp">
      <Filter>Header Files</Filter>
    </ClInclude>
    <ClInclude Include="SDK\Enums\ClientFrameStage.hpp">
      <Filter>Header Files</Filter>
    </ClInclude>
    <ClInclude Include="SDK\Enums\Flags.hpp">
      <Filter>Header Files</Filter>
    </ClInclude>
    <ClInclude Include="SDK\Enums\Fonts.hpp">
      <Filter>Header Files</Filter>
    </ClInclude>
    <ClInclude Include="SDK\Enums\Move.hpp">
      <Filter>Header Files</Filter>
    </ClInclude>
    <ClInclude Include="SDK\Misc\Macros.hpp">
      <Filter>Header Files</Filter>
    </ClInclude>
    <ClInclude Include="SDK\Interface\ClientClass.hpp">
      <Filter>Header Files</Filter>
    </ClInclude>
    <ClInclude Include="SDK\Interface\ClientEntity.hpp">
      <Filter>Header Files</Filter>
    </ClInclude>
    <ClInclude Include="SDK\Interface\ClientMode.hpp">
      <Filter>Header Files</Filter>
    </ClInclude>
    <ClInclude Include="SDK\Interface\Convar.hpp">
      <Filter>Header Files</Filter>
    </ClInclude>
    <ClInclude Include="SDK\Misc\CaptureInterface.hpp">
      <Filter>Header Files</Filter>
    </ClInclude>
    <ClInclude Include="SDK\Misc\VmtHook.hpp">
      <Filter>Header Files</Filter>
    </ClInclude>
    <ClInclude Include="SDK\Misc\VfuncFromIndex.hpp">
      <Filter>Header Files</Filter>
    </ClInclude>
    <ClInclude Include="SDK\Misc\NetvarTree.hpp">
      <Filter>Header Files</Filter>
    </ClInclude>
    <ClInclude Include="SDK\Interface\Entity.hpp">
      <Filter>Header Files</Filter>
    </ClInclude>
    <ClInclude Include="SDK\Misc\Vector.hpp">
      <Filter>Header Files</Filter>
    </ClInclude>
    <ClInclude Include="Cheat\Interfaces.hpp">
      <Filter>Header Files</Filter>
    </ClInclude>
    <ClInclude Include="SDK\Interface\UtlVector.hpp">
      <Filter>Header Files</Filter>
    </ClInclude>
    <ClInclude Include="SDK\Interface\Cvar.hpp">
      <Filter>Header Files</Filter>
    </ClInclude>
    <ClInclude Include="SDK\Interface\DebugOverlay.hpp">
      <Filter>Header Files</Filter>
    </ClInclude>
    <ClInclude Include="SDK\Interface\Engine.hpp">
      <Filter>Header Files</Filter>
    </ClInclude>
    <ClInclude Include="SDK\Interface\PlayerInfo.hpp">
      <Filter>Header Files</Filter>
    </ClInclude>
    <ClInclude Include="SDK\Interface\GlobalVariables.hpp">
      <Filter>Header Files</Filter>
    </ClInclude>
    <ClInclude Include="SDK\Interface\Input.hpp">
      <Filter>Header Files</Filter>
    </ClInclude>
    <ClInclude Include="SDK\Interface\InputSystem.hpp">
      <Filter>Header Files</Filter>
    </ClInclude>
    <ClInclude Include="SDK\Interface\Material.hpp">
      <Filter>Header Files</Filter>
    </ClInclude>
    <ClInclude Include="SDK\Interface\MaterialSystem.hpp">
      <Filter>Header Files</Filter>
    </ClInclude>
    <ClInclude Include="SDK\Interface\Panel.hpp">
      <Filter>Header Files</Filter>
    </ClInclude>
    <ClInclude Include="SDK\Interface\RenderView.hpp">
      <Filter>Header Files</Filter>
    </ClInclude>
    <ClInclude Include="SDK\Interface\Sound.hpp">
      <Filter>Header Files</Filter>
    </ClInclude>
    <ClInclude Include="SDK\Interface\SoundData.hpp">
      <Filter>Header Files</Filter>
    </ClInclude>
    <ClInclude Include="SDK\Interface\Surface.hpp">
      <Filter>Header Files</Filter>
    </ClInclude>
    <ClInclude Include="SDK\Interface\UserCmd.hpp">
      <Filter>Header Files</Filter>
    </ClInclude>
    <ClInclude Include="SDK\Interface\ViewSetup.hpp">
      <Filter>Header Files</Filter>
    </ClInclude>
    <ClInclude Include="SDK\Misc\InputHelper.hpp">
      <Filter>Header Files</Filter>
    </ClInclude>
    <ClInclude Include="SDK\Misc\Render.hpp">
      <Filter>Header Files</Filter>
    </ClInclude>
    <ClInclude Include="SDK\Interface\ClientBase.hpp">
      <Filter>Header Files</Filter>
    </ClInclude>
    <ClInclude Include="SDK\Enums\SendPropType.hpp">
      <Filter>Header Files</Filter>
    </ClInclude>
    <ClInclude Include="Hooks\Hooks.hpp">
      <Filter>Header Files</Filter>
    </ClInclude>
    <ClInclude Include="Cheat\Features\Features.hpp">
      <Filter>Header Files</Filter>
    </ClInclude>
    <ClInclude Include="Menu\Menu.hpp">
      <Filter>Header Files</Filter>
    </ClInclude>
    <ClInclude Include="Cheat\Features\Visuals\Visuals.hpp">
      <Filter>Header Files</Filter>
    </ClInclude>
    <ClInclude Include="Cheat\Features\Misc\Misc.hpp">
      <Filter>Header Files</Filter>
    </ClInclude>
  </ItemGroup>
  <ItemGroup>
    <ClCompile Include="Main.cpp">
      <Filter>Source Files</Filter>
    </ClCompile>
    <ClCompile Include="Cheat\Memory.cpp">
      <Filter>Source Files</Filter>
    </ClCompile>
    <ClCompile Include="Cheat\Cheat.cpp">
      <Filter>Source Files</Filter>
    </ClCompile>
    <ClCompile Include="Dependencies\Gui\controls\button.cc">
      <Filter>Source Files</Filter>
    </ClCompile>
    <ClCompile Include="Dependencies\Gui\controls\checkbox.cc">
      <Filter>Source Files</Filter>
    </ClCompile>
    <ClCompile Include="Dependencies\Gui\controls\colorlist.cc">
      <Filter>Source Files</Filter>
    </ClCompile>
    <ClCompile Include="Dependencies\Gui\controls\colorpicker.cc">
      <Filter>Source Files</Filter>
    </ClCompile>
    <ClCompile Include="Dependencies\Gui\controls\combobox.cc">
      <Filter>Source Files</Filter>
    </ClCompile>
    <ClCompile Include="Dependencies\Gui\controls\container.cc">
      <Filter>Source Files</Filter>
    </ClCompile>
    <ClCompile Include="Dependencies\Gui\controls\element.cc">
      <Filter>Source Files</Filter>
    </ClCompile>
    <ClCompile Include="Dependencies\Gui\controls\keybinder.cc">
      <Filter>Source Files</Filter>
    </ClCompile>
    <ClCompile Include="Dependencies\Gui\controls\label.cc">
      <Filter>Source Files</Filter>
    </ClCompile>
    <ClCompile Include="Dependencies\Gui\controls\listbox.cc">
      <Filter>Source Files</Filter>
    </ClCompile>
    <ClCompile Include="Dependencies\Gui\controls\multibox.cc">
      <Filter>Source Files</Filter>
    </ClCompile>
    <ClCompile Include="Dependencies\Gui\controls\slider.cc">
      <Filter>Source Files</Filter>
    </ClCompile>
    <ClCompile Include="Dependencies\Gui\controls\spinner.cc">
      <Filter>Source Files</Filter>
    </ClCompile>
    <ClCompile Include="Dependencies\Gui\controls\tabs.cc">
      <Filter>Source Files</Filter>
    </ClCompile>
    <ClCompile Include="Dependencies\Gui\controls\textbox.cc">
      <Filter>Source Files</Filter>
    </ClCompile>
    <ClCompile Include="Dependencies\Gui\handler\handler.cc">
      <Filter>Source Files</Filter>
    </ClCompile>
    <ClCompile Include="Dependencies\Gui\notifications\notifications.cc">
      <Filter>Source Files</Filter>
    </ClCompile>
    <ClCompile Include="SDK\Misc\NetvarTree.cpp">
      <Filter>Source Files</Filter>
    </ClCompile>
    <ClCompile Include="SDK\Misc\InputHelper.cpp">
      <Filter>Source Files</Filter>
    </ClCompile>
    <ClCompile Include="SDK\Misc\Render.cpp">
      <Filter>Source Files</Filter>
    </ClCompile>
    <ClCompile Include="Hooks\Hooks.cpp">
      <Filter>Source Files</Filter>
    </ClCompile>
    <ClCompile Include="Hooks\Functions\CreateMove.cpp">
      <Filter>Source Files</Filter>
    </ClCompile>
    <ClCompile Include="Hooks\Functions\EmitSound.cpp">
      <Filter>Source Files</Filter>
    </ClCompile>
    <ClCompile Include="Hooks\Functions\FrameStageNotify.cpp">
      <Filter>Source Files</Filter>
    </ClCompile>
    <ClCompile Include="Hooks\Functions\OverRideView.cpp">
      <Filter>Source Files</Filter>
    </ClCompile>
    <ClCompile Include="Hooks\Functions\PaintTraverse.cpp">
      <Filter>Source Files</Filter>
    </ClCompile>
    <ClCompile Include="Hooks\Functions\SceneEnd.cpp">
      <Filter>Source Files</Filter>
    </ClCompile>
    <ClCompile Include="Menu\Menu.cpp">
      <Filter>Source Files</Filter>
    </ClCompile>
    <ClCompile Include="Cheat\Features\Misc\Misc.cpp">
      <Filter>Source Files</Filter>
    </ClCompile>
    <ClCompile Include="Cheat\Features\Visuals\Visuals.cpp">
      <Filter>Source Files</Filter>
    </ClCompile>
  </ItemGroup>
</Project>